
Microsoft Visual Studio Solution File, Format Version 12.00
# Visual Studio Version 17
VisualStudioVersion = 17.12.35514.174 d17.12
MinimumVisualStudioVersion = 10.0.40219.1
Project("{FAE04EC0-301F-11D3-BF4B-00C04F79EFBC}") = "06-12", "06-12.csproj", "{D44881E1-868E-4344-AD53-9F9492718071}"
EndProject
Global
	GlobalSection(SolutionConfigurationPlatforms) = preSolution
		Debug|Any CPU = Debug|Any CPU
		Release|Any CPU = Release|Any CPU
	EndGlobalSection
	GlobalSection(ProjectConfigurationPlatforms) = postSolution
		{D44881E1-868E-4344-AD53-9F9492718071}.Debug|Any CPU.ActiveCfg = Debug|Any CPU
		{D44881E1-868E-4344-AD53-9F9492718071}.Debug|Any CPU.Build.0 = Debug|Any CPU
		{D44881E1-868E-4344-AD53-9F9492718071}.Release|Any CPU.ActiveCfg = Release|Any CPU
		{D44881E1-868E-4344-AD53-9F9492718071}.Release|Any CPU.Build.0 = Release|Any CPU
	EndGlobalSection
	GlobalSection(SolutionProperties) = preSolution
		HideSolutionNode = FALSE
	EndGlobalSection
EndGlobal
